{
  "name": "avr8js-template",
  "version": "1.0.0",
  "lockfileVersion": 1,
  "requires": true,
  "dependencies": {
    "@wokwi/elements": {
      "version": "0.27.2",
      "resolved": "https://registry.npmjs.org/@wokwi/elements/-/elements-0.27.2.tgz",
      "integrity": "sha512-EfpfOFHpAD22NoT0esFeqEtfN1UbbXZmgZrh22cUHhrbIvrXtuhD27scVODfxFe4KDhLXwch+sguLql/0ujW6Q==",
      "requires": {
        "lit-element": "^2.3.1"
      }
    },
    "avr8js": {
      "version": "0.11.4",
      "resolved": "https://registry.npmjs.org/avr8js/-/avr8js-0.11.4.tgz",
      "integrity": "sha512-GnBjr6Zk0DlDu8Aw4hHyQV2QidPbEYFNAnOv40quwOqCwVfWtN1T1cMGRzQvSJ/Gjn12XqUb5/KBJecJ/qdyoQ=="
    },
    "lit-element": {
      "version": "2.4.0",
      "resolved": "https://registry.npmjs.org/lit-element/-/lit-element-2.4.0.tgz",
      "integrity": "sha512-pBGLglxyhq/Prk2H91nA0KByq/hx/wssJBQFiYqXhGDvEnY31PRGYf1RglVzyLeRysu0IHm2K0P196uLLWmwFg==",
      "requires": {
        "lit-html": "^1.1.1"
      }
    },
    "lit-html": {
      "version": "1.3.0",
      "resolved": "https://registry.npmjs.org/lit-html/-/lit-html-1.3.0.tgz",
      "integrity": "sha512-0Q1bwmaFH9O14vycPHw8C/IeHMk/uSDldVLIefu/kfbTBGIc44KGH6A8p1bDfxUfHdc8q6Ct7kQklWoHgr4t1Q=="
    },
    "typescript": {
      "version": "4.0.5",
      "resolved": "https://registry.npmjs.org/typescript/-/typescript-4.0.5.tgz",
      "integrity": "sha512-ywmr/VrTVCmNTJ6iV2LwIrfG1P+lv6luD8sUJs+2eI9NLGigaN+nUQc13iHqisq7bra9lnmUSYqbJvegraBOPQ==",
      "dev": true
    }
  }
}
