{
  "name": "avr8js-template",
  "version": "1.0.0",
  "lockfileVersion": 1,
  "requires": true,
  "dependencies": {
    "avr8js": {
      "version": "0.11.4",
      "resolved": "https://registry.npmjs.org/avr8js/-/avr8js-0.11.4.tgz",
      "integrity": "sha512-GnBjr6Zk0DlDu8Aw4hHyQV2QidPbEYFNAnOv40quwOqCwVfWtN1T1cMGRzQvSJ/Gjn12XqUb5/KBJecJ/qdyoQ=="
    },
    "typescript": {
      "version": "4.0.5",
      "resolved": "https://registry.npmjs.org/typescript/-/typescript-4.0.5.tgz",
      "integrity": "sha512-ywmr/VrTVCmNTJ6iV2LwIrfG1P+lv6luD8sUJs+2eI9NLGigaN+nUQc13iHqisq7bra9lnmUSYqbJvegraBOPQ==",
      "dev": true
    }
  }
}
